// !$*UTF8*$!
{
	archiveVersion = 1;
	classes = {
	};
	objectVersion = 77;
	objects = {

/* Begin PBXContainerItemProxy section */
		99774B822E96A0CC00F0AC58 /* PBXContainerItemProxy */ = {
			isa = PBXContainerItemProxy;
			containerPortal = 99774B6C2E96A0CA00F0AC58 /* Project object */;
			proxyType = 1;
			remoteGlobalIDString = 99774B732E96A0CA00F0AC58;
			remoteInfo = AHAssessment;
		};
		99774B8C2E96A0CC00F0AC58 /* PBXContainerItemProxy */ = {
			isa = PBXContainerItemProxy;
			containerPortal = 99774B6C2E96A0CA00F0AC58 /* Project object */;
			proxyType = 1;
			remoteGlobalIDString = 99774B732E96A0CA00F0AC58;
			remoteInfo = AHAssessment;
		};
/* End PBXContainerItemProxy section */

/* Begin PBXFileReference section */
		99774B742E96A0CA00F0AC58 /* AHAssessment.app */ = {isa = PBXFileReference; explicitFileType = wrapper.application; includeInIndex = 0; path = AHAssessment.app; sourceTree = BUILT_PRODUCTS_DIR; };
		99774B812E96A0CC00F0AC58 /* AHAssessmentTests.xctest */ = {isa = PBXFileReference; explicitFileType = wrapper.cfbundle; includeInIndex = 0; path = AHAssessmentTests.xctest; sourceTree = BUILT_PRODUCTS_DIR; };
		99774B8B2E96A0CC00F0AC58 /* AHAssessmentUITests.xctest */ = {isa = PBXFileReference; explicitFileType = wrapper.cfbundle; includeInIndex = 0; path = AHAssessmentUITests.xctest; sourceTree = BUILT_PRODUCTS_DIR; };
/* End PBXFileReference section */

/* Begin PBXFileSystemSynchronizedRootGroup section */
		99774B762E96A0CA00F0AC58 /* AHAssessment */ = {
			isa = PBXFileSystemSynchronizedRootGroup;
			path = AHAssessment;
			sourceTree = "<group>";
		};
		99774B842E96A0CC00F0AC58 /* AHAssessmentTests */ = {
			isa = PBXFileSystemSynchronizedRootGroup;
			path = AHAssessmentTests;
			sourceTree = "<group>";
		};
		99774B8E2E96A0CC00F0AC58 /* AHAssessmentUITests */ = {
			isa = PBXFileSystemSynchronizedRootGroup;
			path = AHAssessmentUITests;
			sourceTree = "<group>";
		};
/* End PBXFileSystemSynchronizedRootGroup section */

/* Begin PBXFrameworksBuildPhase section */
		99774B712E96A0CA00F0AC58 /* Frameworks */ = {
			isa = PBXFrameworksBuildPhase;
			buildActionMask = 2147483647;
			files = (
			);
			runOnlyForDeploymentPostprocessing = 0;
		};
		99774B7E2E96A0CC00F0AC58 /* Frameworks */ = {
			isa = PBXFrameworksBuildPhase;
			buildActionMask = 2147483647;
			files = (
			);
			runOnlyForDeploymentPostprocessing = 0;
		};
		99774B882E96A0CC00F0AC58 /* Frameworks */ = {
			isa = PBXFrameworksBuildPhase;
			buildActionMask = 2147483647;
			files = (
			);
			runOnlyForDeploymentPostprocessing = 0;
		};
/* End PBXFrameworksBuildPhase section */

/* Begin PBXGroup section */
		99774B6B2E96A0CA00F0AC58 = {
			isa = PBXGroup;
			children = (
				99774B762E96A0CA00F0AC58 /* AHAssessment */,
				99774B842E96A0CC00F0AC58 /* AHAssessmentTests */,
				99774B8E2E96A0CC00F0AC58 /* AHAssessmentUITests */,
				99774B752E96A0CA00F0AC58 /* Products */,
			);
			sourceTree = "<group>";
		};
		99774B752E96A0CA00F0AC58 /* Products */ = {
			isa = PBXGroup;
			children = (
				99774B742E96A0CA00F0AC58 /* AHAssessment.app */,
				99774B812E96A0CC00F0AC58 /* AHAssessmentTests.xctest */,
				99774B8B2E96A0CC00F0AC58 /* AHAssessmentUITests.xctest */,
			);
			name = Products;
			sourceTree = "<group>";
		};
/* End PBXGroup section */

/* Begin PBXNativeTarget section */
		99774B732E96A0CA00F0AC58 /* AHAssessment */ = {
			isa = PBXNativeTarget;
			buildConfigurationList = 99774B952E96A0CC00F0AC58 /* Build configuration list for PBXNativeTarget "AHAssessment" */;
			buildPhases = (
				99774B702E96A0CA00F0AC58 /* Sources */,
				99774B712E96A0CA00F0AC58 /* Frameworks */,
				99774B722E96A0CA00F0AC58 /* Resources */,
			);
			buildRules = (
			);
			dependencies = (
				99774BC12E96D3DC00F0AC58 /* PBXTargetDependency */,
			);
			fileSystemSynchronizedGroups = (
				99774B762E96A0CA00F0AC58 /* AHAssessment */,
			);
			name = AHAssessment;
			packageProductDependencies = (
			);
			productName = AHAssessment;
			productReference = 99774B742E96A0CA00F0AC58 /* AHAssessment.app */;
			productType = "com.apple.product-type.application";
		};
		99774B802E96A0CC00F0AC58 /* AHAssessmentTests */ = {
			isa = PBXNativeTarget;
			buildConfigurationList = 99774B982E96A0CC00F0AC58 /* Build configuration list for PBXNativeTarget "AHAssessmentTests" */;
			buildPhases = (
				99774B7D2E96A0CC00F0AC58 /* Sources */,
				99774B7E2E96A0CC00F0AC58 /* Frameworks */,
				99774B7F2E96A0CC00F0AC58 /* Resources */,
			);
			buildRules = (
			);
			dependencies = (
				99774B832E96A0CC00F0AC58 /* PBXTargetDependency */,
			);
			fileSystemSynchronizedGroups = (
				99774B842E96A0CC00F0AC58 /* AHAssessmentTests */,
			);
			name = AHAssessmentTests;
			packageProductDependencies = (
			);
			productName = AHAssessmentTests;
			productReference = 99774B812E96A0CC00F0AC58 /* AHAssessmentTests.xctest */;
			productType = "com.apple.product-type.bundle.unit-test";
		};
		99774B8A2E96A0CC00F0AC58 /* AHAssessmentUITests */ = {
			isa = PBXNativeTarget;
			buildConfigurationList = 99774B9B2E96A0CC00F0AC58 /* Build configuration list for PBXNativeTarget "AHAssessmentUITests" */;
			buildPhases = (
				99774B872E96A0CC00F0AC58 /* Sources */,
				99774B882E96A0CC00F0AC58 /* Frameworks */,
				99774B892E96A0CC00F0AC58 /* Resources */,
			);
			buildRules = (
			);
			dependencies = (
				99774B8D2E96A0CC00F0AC58 /* PBXTargetDependency */,
			);
			fileSystemSynchronizedGroups = (
				99774B8E2E96A0CC00F0AC58 /* AHAssessmentUITests */,
			);
			name = AHAssessmentUITests;
			packageProductDependencies = (
			);
			productName = AHAssessmentUITests;
			productReference = 99774B8B2E96A0CC00F0AC58 /* AHAssessmentUITests.xctest */;
			productType = "com.apple.product-type.bundle.ui-testing";
		};
/* End PBXNativeTarget section */

/* Begin PBXProject section */
		99774B6C2E96A0CA00F0AC58 /* Project object */ = {
			isa = PBXProject;
			attributes = {
				BuildIndependentTargetsInParallel = 1;
				LastSwiftUpdateCheck = 2600;
				LastUpgradeCheck = 2600;
				TargetAttributes = {
					99774B732E96A0CA00F0AC58 = {
						CreatedOnToolsVersion = 26.0.1;
					};
					99774B802E96A0CC00F0AC58 = {
						CreatedOnToolsVersion = 26.0.1;
						TestTargetID = 99774B732E96A0CA00F0AC58;
					};
					99774B8A2E96A0CC00F0AC58 = {
						CreatedOnToolsVersion = 26.0.1;
						TestTargetID = 99774B732E96A0CA00F0AC58;
					};
				};
			};
			buildConfigurationList = 99774B6F2E96A0CA00F0AC58 /* Build configuration list for PBXProject "AHAssessment" */;
			developmentRegion = en;
			hasScannedForEncodings = 0;
			knownRegions = (
				en,
				Base,
			);
			mainGroup = 99774B6B2E96A0CA00F0AC58;
			minimizedProjectReferenceProxies = 1;
			packageReferences = (
				99774BBF2E96D37900F0AC58 /* XCRemoteSwiftPackageReference "SwiftLintPlugins" */,
			);
			preferredProjectObjectVersion = 77;
			productRefGroup = 99774B752E96A0CA00F0AC58 /* Products */;
			projectDirPath = "";
			projectRoot = "";
			targets = (
				99774B732E96A0CA00F0AC58 /* AHAssessment */,
				99774B802E96A0CC00F0AC58 /* AHAssessmentTests */,
				99774B8A2E96A0CC00F0AC58 /* AHAssessmentUITests */,
			);
		};
/* End PBXProject section */

/* Begin PBXResourcesBuildPhase section */
		99774B722E96A0CA00F0AC58 /* Resources */ = {
			isa = PBXResourcesBuildPhase;
			buildActionMask = 2147483647;
			files = (
			);
			runOnlyForDeploymentPostprocessing = 0;
		};
		99774B7F2E96A0CC00F0AC58 /* Resources */ = {
			isa = PBXResourcesBuildPhase;
			buildActionMask = 2147483647;
			files = (
			);
			runOnlyForDeploymentPostprocessing = 0;
		};
		99774B892E96A0CC00F0AC58 /* Resources */ = {
			isa = PBXResourcesBuildPhase;
			buildActionMask = 2147483647;
			files = (
			);
			runOnlyForDeploymentPostprocessing = 0;
		};
/* End PBXResourcesBuildPhase section */

/* Begin PBXSourcesBuildPhase section */
		99774B702E96A0CA00F0AC58 /* Sources */ = {
			isa = PBXSourcesBuildPhase;
			buildActionMask = 2147483647;
			files = (
			);
			runOnlyForDeploymentPostprocessing = 0;
		};
		99774B7D2E96A0CC00F0AC58 /* Sources */ = {
			isa = PBXSourcesBuildPhase;
			buildActionMask = 2147483647;
			files = (
			);
			runOnlyForDeploymentPostprocessing = 0;
		};
		99774B872E96A0CC00F0AC58 /* Sources */ = {
			isa = PBXSourcesBuildPhase;
			buildActionMask = 2147483647;
			files = (
			);
			runOnlyForDeploymentPostprocessing = 0;
		};
/* End PBXSourcesBuildPhase section */

/* Begin PBXTargetDependency section */
		99774B832E96A0CC00F0AC58 /* PBXTargetDependency */ = {
			isa = PBXTargetDependency;
			target = 99774B732E96A0CA00F0AC58 /* AHAssessment */;
			targetProxy = 99774B822E96A0CC00F0AC58 /* PBXContainerItemProxy */;
		};
		99774B8D2E96A0CC00F0AC58 /* PBXTargetDependency */ = {
			isa = PBXTargetDependency;
			target = 99774B732E96A0CA00F0AC58 /* AHAssessment */;
			targetProxy = 99774B8C2E96A0CC00F0AC58 /* PBXContainerItemProxy */;
		};
		99774BC12E96D3DC00F0AC58 /* PBXTargetDependency */ = {
			isa = PBXTargetDependency;
			productRef = 99774BC02E96D3DC00F0AC58 /* SwiftLintBuildToolPlugin */;
		};
/* End PBXTargetDependency section */

/* Begin XCBuildConfiguration section */
		99774B932E96A0CC00F0AC58 /* Debug */ = {
			isa = XCBuildConfiguration;
			buildSettings = {
				ALWAYS_SEARCH_USER_PATHS = NO;
				ASSETCATALOG_COMPILER_GENERATE_SWIFT_ASSET_SYMBOL_EXTENSIONS = YES;
				CLANG_ANALYZER_NONNULL = YES;
				CLANG_ANALYZER_NUMBER_OBJECT_CONVERSION = YES_AGGRESSIVE;
				CLANG_CXX_LANGUAGE_STANDARD = "gnu++20";
				CLANG_ENABLE_MODULES = YES;
				CLANG_ENABLE_OBJC_ARC = YES;
				CLANG_ENABLE_OBJC_WEAK = YES;
				CLANG_WARN_BLOCK_CAPTURE_AUTORELEASING = YES;
				CLANG_WARN_BOOL_CONVERSION = YES;
				CLANG_WARN_COMMA = YES;
				CLANG_WARN_CONSTANT_CONVERSION = YES;
				CLANG_WARN_DEPRECATED_OBJC_IMPLEMENTATIONS = YES;
				CLANG_WARN_DIRECT_OBJC_ISA_USAGE = YES_ERROR;
				CLANG_WARN_DOCUMENTATION_COMMENTS = YES;
				CLANG_WARN_EMPTY_BODY = YES;
				CLANG_WARN_ENUM_CONVERSION = YES;
				CLANG_WARN_INFINITE_RECURSION = YES;
				CLANG_WARN_INT_CONVERSION = YES;
				CLANG_WARN_NON_LITERAL_NULL_CONVERSION = YES;
				CLANG_WARN_OBJC_IMPLICIT_RETAIN_SELF = YES;
				CLANG_WARN_OBJC_LITERAL_CONVERSION = YES;
				CLANG_WARN_OBJC_ROOT_CLASS = YES_ERROR;
				CLANG_WARN_QUOTED_INCLUDE_IN_FRAMEWORK_HEADER = YES;
				CLANG_WARN_RANGE_LOOP_ANALYSIS = YES;
				CLANG_WARN_STRICT_PROTOTYPES = YES;
				CLANG_WARN_SUSPICIOUS_MOVE = YES;
				CLANG_WARN_UNGUARDED_AVAILABILITY = YES_AGGRESSIVE;
				CLANG_WARN_UNREACHABLE_CODE = YES;
				CLANG_WARN__DUPLICATE_METHOD_MATCH = YES;
				COPY_PHASE_STRIP = NO;
				DEBUG_INFORMATION_FORMAT = dwarf;
				DEVELOPMENT_TEAM = Q62HWB97M9;
				ENABLE_STRICT_OBJC_MSGSEND = YES;
				ENABLE_TESTABILITY = YES;
				ENABLE_USER_SCRIPT_SANDBOXING = YES;
				GCC_C_LANGUAGE_STANDARD = gnu17;
				GCC_DYNAMIC_NO_PIC = NO;
				GCC_NO_COMMON_BLOCKS = YES;
				GCC_OPTIMIZATION_LEVEL = 0;
				GCC_PREPROCESSOR_DEFINITIONS = (
					"DEBUG=1",
					"$(inherited)",
				);
				GCC_WARN_64_TO_32_BIT_CONVERSION = YES;
				GCC_WARN_ABOUT_RETURN_TYPE = YES_ERROR;
				GCC_WARN_UNDECLARED_SELECTOR = YES;
				GCC_WARN_UNINITIALIZED_AUTOS = YES_AGGRESSIVE;
				GCC_WARN_UNUSED_FUNCTION = YES;
				GCC_WARN_UNUSED_VARIABLE = YES;
				IPHONEOS_DEPLOYMENT_TARGET = 26.0;
				LOCALIZATION_PREFERS_STRING_CATALOGS = YES;
				MTL_ENABLE_DEBUG_INFO = INCLUDE_SOURCE;
				MTL_FAST_MATH = YES;
				ONLY_ACTIVE_ARCH = YES;
				SDKROOT = iphoneos;
				SWIFT_ACTIVE_COMPILATION_CONDITIONS = "DEBUG $(inherited)";
				SWIFT_APPROACHABLE_CONCURRENCY = YES;
				SWIFT_DEFAULT_ACTOR_ISOLATION = MainActor;
				SWIFT_OPTIMIZATION_LEVEL = "-Onone";
				SWIFT_VERSION = 6.0;
			};
			name = Debug;
		};
		99774B942E96A0CC00F0AC58 /* Release */ = {
			isa = XCBuildConfiguration;
			buildSettings = {
				ALWAYS_SEARCH_USER_PATHS = NO;
				ASSETCATALOG_COMPILER_GENERATE_SWIFT_ASSET_SYMBOL_EXTENSIONS = YES;
				CLANG_ANALYZER_NONNULL = YES;
				CLANG_ANALYZER_NUMBER_OBJECT_CONVERSION = YES_AGGRESSIVE;
				CLANG_CXX_LANGUAGE_STANDARD = "gnu++20";
				CLANG_ENABLE_MODULES = YES;
				CLANG_ENABLE_OBJC_ARC = YES;
				CLANG_ENABLE_OBJC_WEAK = YES;
				CLANG_WARN_BLOCK_CAPTURE_AUTORELEASING = YES;
				CLANG_WARN_BOOL_CONVERSION = YES;
				CLANG_WARN_COMMA = YES;
				CLANG_WARN_CONSTANT_CONVERSION = YES;
				CLANG_WARN_DEPRECATED_OBJC_IMPLEMENTATIONS = YES;
				CLANG_WARN_DIRECT_OBJC_ISA_USAGE = YES_ERROR;
				CLANG_WARN_DOCUMENTATION_COMMENTS = YES;
				CLANG_WARN_EMPTY_BODY = YES;
				CLANG_WARN_ENUM_CONVERSION = YES;
				CLANG_WARN_INFINITE_RECURSION = YES;
				CLANG_WARN_INT_CONVERSION = YES;
				CLANG_WARN_NON_LITERAL_NULL_CONVERSION = YES;
				CLANG_WARN_OBJC_IMPLICIT_RETAIN_SELF = YES;
				CLANG_WARN_OBJC_LITERAL_CONVERSION = YES;
				CLANG_WARN_OBJC_ROOT_CLASS = YES_ERROR;
				CLANG_WARN_QUOTED_INCLUDE_IN_FRAMEWORK_HEADER = YES;
				CLANG_WARN_RANGE_LOOP_ANALYSIS = YES;
				CLANG_WARN_STRICT_PROTOTYPES = YES;
				CLANG_WARN_SUSPICIOUS_MOVE = YES;
				CLANG_WARN_UNGUARDED_AVAILABILITY = YES_AGGRESSIVE;
				CLANG_WARN_UNREACHABLE_CODE = YES;
				CLANG_WARN__DUPLICATE_METHOD_MATCH = YES;
				COPY_PHASE_STRIP = NO;
				DEBUG_INFORMATION_FORMAT = "dwarf-with-dsym";
				DEVELOPMENT_TEAM = Q62HWB97M9;
				ENABLE_NS_ASSERTIONS = NO;
				ENABLE_STRICT_OBJC_MSGSEND = YES;
				ENABLE_USER_SCRIPT_SANDBOXING = YES;
				GCC_C_LANGUAGE_STANDARD = gnu17;
				GCC_NO_COMMON_BLOCKS = YES;
				GCC_WARN_64_TO_32_BIT_CONVERSION = YES;
				GCC_WARN_ABOUT_RETURN_TYPE = YES_ERROR;
				GCC_WARN_UNDECLARED_SELECTOR = YES;
				GCC_WARN_UNINITIALIZED_AUTOS = YES_AGGRESSIVE;
				GCC_WARN_UNUSED_FUNCTION = YES;
				GCC_WARN_UNUSED_VARIABLE = YES;
				IPHONEOS_DEPLOYMENT_TARGET = 26.0;
				LOCALIZATION_PREFERS_STRING_CATALOGS = YES;
				MTL_ENABLE_DEBUG_INFO = NO;
				MTL_FAST_MATH = YES;
				SDKROOT = iphoneos;
				SWIFT_APPROACHABLE_CONCURRENCY = YES;
				SWIFT_COMPILATION_MODE = wholemodule;
				SWIFT_DEFAULT_ACTOR_ISOLATION = MainActor;
				SWIFT_VERSION = 6.0;
				VALIDATE_PRODUCT = YES;
			};
			name = Release;
		};
		99774B962E96A0CC00F0AC58 /* Debug */ = {
			isa = XCBuildConfiguration;
			buildSettings = {
				ASSETCATALOG_COMPILER_APPICON_NAME = AppIcon;
				ASSETCATALOG_COMPILER_GLOBAL_ACCENT_COLOR_NAME = AccentColor;
				CODE_SIGN_STYLE = Automatic;
				CURRENT_PROJECT_VERSION = 1;
				DEVELOPMENT_TEAM = Q62HWB97M9;
				ENABLE_PREVIEWS = YES;
				GENERATE_INFOPLIST_FILE = YES;
				INFOPLIST_KEY_CFBundleDisplayName = "AH Assessment";
				INFOPLIST_KEY_UIApplicationSceneManifest_Generation = YES;
				INFOPLIST_KEY_UIApplicationSupportsIndirectInputEvents = YES;
				INFOPLIST_KEY_UILaunchScreen_Generation = YES;
				INFOPLIST_KEY_UISupportedInterfaceOrientations = UIInterfaceOrientationPortrait;
				LD_RUNPATH_SEARCH_PATHS = (
					"$(inherited)",
					"@executable_path/Frameworks",
				);
				MARKETING_VERSION = 1.0;
				PRODUCT_BUNDLE_IDENTIFIER = Ivan.AHAssessment;
				PRODUCT_NAME = "$(TARGET_NAME)";
				STRING_CATALOG_GENERATE_SYMBOLS = YES;
				SUPPORTED_PLATFORMS = "iphoneos iphonesimulator";
				SUPPORTS_MACCATALYST = NO;
				SUPPORTS_MAC_DESIGNED_FOR_IPHONE_IPAD = NO;
				SUPPORTS_XR_DESIGNED_FOR_IPHONE_IPAD = NO;
				SWIFT_APPROACHABLE_CONCURRENCY = YES;
				SWIFT_DEFAULT_ACTOR_ISOLATION = MainActor;
				SWIFT_EMIT_LOC_STRINGS = YES;
				SWIFT_UPCOMING_FEATURE_MEMBER_IMPORT_VISIBILITY = YES;
				TARGETED_DEVICE_FAMILY = 1;
			};
			name = Debug;
		};
		99774B972E96A0CC00F0AC58 /* Release */ = {
			isa = XCBuildConfiguration;
			buildSettings = {
				ASSETCATALOG_COMPILER_APPICON_NAME = AppIcon;
				ASSETCATALOG_COMPILER_GLOBAL_ACCENT_COLOR_NAME = AccentColor;
				CODE_SIGN_STYLE = Automatic;
				CURRENT_PROJECT_VERSION = 1;
				DEVELOPMENT_TEAM = Q62HWB97M9;
				ENABLE_PREVIEWS = YES;
				GENERATE_INFOPLIST_FILE = YES;
				INFOPLIST_KEY_CFBundleDisplayName = "AH Assessment";
				INFOPLIST_KEY_UIApplicationSceneManifest_Generation = YES;
				INFOPLIST_KEY_UIApplicationSupportsIndirectInputEvents = YES;
				INFOPLIST_KEY_UILaunchScreen_Generation = YES;
				INFOPLIST_KEY_UISupportedInterfaceOrientations = UIInterfaceOrientationPortrait;
				LD_RUNPATH_SEARCH_PATHS = (
					"$(inherited)",
					"@executable_path/Frameworks",
				);
				MARKETING_VERSION = 1.0;
				PRODUCT_BUNDLE_IDENTIFIER = Ivan.AHAssessment;
				PRODUCT_NAME = "$(TARGET_NAME)";
				STRING_CATALOG_GENERATE_SYMBOLS = YES;
				SUPPORTED_PLATFORMS = "iphoneos iphonesimulator";
				SUPPORTS_MACCATALYST = NO;
				SUPPORTS_MAC_DESIGNED_FOR_IPHONE_IPAD = NO;
				SUPPORTS_XR_DESIGNED_FOR_IPHONE_IPAD = NO;
				SWIFT_APPROACHABLE_CONCURRENCY = YES;
				SWIFT_DEFAULT_ACTOR_ISOLATION = MainActor;
				SWIFT_EMIT_LOC_STRINGS = YES;
				SWIFT_UPCOMING_FEATURE_MEMBER_IMPORT_VISIBILITY = YES;
				TARGETED_DEVICE_FAMILY = 1;
			};
			name = Release;
		};
		99774B992E96A0CC00F0AC58 /* Debug */ = {
			isa = XCBuildConfiguration;
			buildSettings = {
				BUNDLE_LOADER = "$(TEST_HOST)";
				CODE_SIGN_STYLE = Automatic;
				CURRENT_PROJECT_VERSION = 1;
				DEVELOPMENT_TEAM = Q62HWB97M9;
				GENERATE_INFOPLIST_FILE = YES;
				IPHONEOS_DEPLOYMENT_TARGET = 26.0;
				MARKETING_VERSION = 1.0;
				PRODUCT_BUNDLE_IDENTIFIER = Ivan.AHAssessmentTests;
				PRODUCT_NAME = "$(TARGET_NAME)";
				STRING_CATALOG_GENERATE_SYMBOLS = NO;
				SWIFT_APPROACHABLE_CONCURRENCY = YES;
				SWIFT_EMIT_LOC_STRINGS = NO;
				SWIFT_UPCOMING_FEATURE_MEMBER_IMPORT_VISIBILITY = YES;
				SWIFT_VERSION = 5.0;
				TARGETED_DEVICE_FAMILY = "1,2";
				TEST_HOST = "$(BUILT_PRODUCTS_DIR)/AHAssessment.app/$(BUNDLE_EXECUTABLE_FOLDER_PATH)/AHAssessment";
			};
			name = Debug;
		};
		99774B9A2E96A0CC00F0AC58 /* Release */ = {
			isa = XCBuildConfiguration;
			buildSettings = {
				BUNDLE_LOADER = "$(TEST_HOST)";
				CODE_SIGN_STYLE = Automatic;
				CURRENT_PROJECT_VERSION = 1;
				DEVELOPMENT_TEAM = Q62HWB97M9;
				GENERATE_INFOPLIST_FILE = YES;
				IPHONEOS_DEPLOYMENT_TARGET = 26.0;
				MARKETING_VERSION = 1.0;
				PRODUCT_BUNDLE_IDENTIFIER = Ivan.AHAssessmentTests;
				PRODUCT_NAME = "$(TARGET_NAME)";
				STRING_CATALOG_GENERATE_SYMBOLS = NO;
				SWIFT_APPROACHABLE_CONCURRENCY = YES;
				SWIFT_EMIT_LOC_STRINGS = NO;
				SWIFT_UPCOMING_FEATURE_MEMBER_IMPORT_VISIBILITY = YES;
				SWIFT_VERSION = 5.0;
				TARGETED_DEVICE_FAMILY = "1,2";
				TEST_HOST = "$(BUILT_PRODUCTS_DIR)/AHAssessment.app/$(BUNDLE_EXECUTABLE_FOLDER_PATH)/AHAssessment";
			};
			name = Release;
		};
		99774B9C2E96A0CC00F0AC58 /* Debug */ = {
			isa = XCBuildConfiguration;
			buildSettings = {
				CODE_SIGN_STYLE = Automatic;
				CURRENT_PROJECT_VERSION = 1;
				DEVELOPMENT_TEAM = Q62HWB97M9;
				GENERATE_INFOPLIST_FILE = YES;
				MARKETING_VERSION = 1.0;
				PRODUCT_BUNDLE_IDENTIFIER = Ivan.AHAssessmentUITests;
				PRODUCT_NAME = "$(TARGET_NAME)";
				STRING_CATALOG_GENERATE_SYMBOLS = NO;
				SWIFT_APPROACHABLE_CONCURRENCY = YES;
				SWIFT_EMIT_LOC_STRINGS = NO;
				SWIFT_UPCOMING_FEATURE_MEMBER_IMPORT_VISIBILITY = YES;
				SWIFT_VERSION = 5.0;
				TARGETED_DEVICE_FAMILY = "1,2";
				TEST_TARGET_NAME = AHAssessment;
			};
			name = Debug;
		};
		99774B9D2E96A0CC00F0AC58 /* Release */ = {
			isa = XCBuildConfiguration;
			buildSettings = {
				CODE_SIGN_STYLE = Automatic;
				CURRENT_PROJECT_VERSION = 1;
				DEVELOPMENT_TEAM = Q62HWB97M9;
				GENERATE_INFOPLIST_FILE = YES;
				MARKETING_VERSION = 1.0;
				PRODUCT_BUNDLE_IDENTIFIER = Ivan.AHAssessmentUITests;
				PRODUCT_NAME = "$(TARGET_NAME)";
				STRING_CATALOG_GENERATE_SYMBOLS = NO;
				SWIFT_APPROACHABLE_CONCURRENCY = YES;
				SWIFT_EMIT_LOC_STRINGS = NO;
				SWIFT_UPCOMING_FEATURE_MEMBER_IMPORT_VISIBILITY = YES;
				SWIFT_VERSION = 5.0;
				TARGETED_DEVICE_FAMILY = "1,2";
				TEST_TARGET_NAME = AHAssessment;
			};
			name = Release;
		};
/* End XCBuildConfiguration section */

/* Begin XCConfigurationList section */
		99774B6F2E96A0CA00F0AC58 /* Build configuration list for PBXProject "AHAssessment" */ = {
			isa = XCConfigurationList;
			buildConfigurations = (
				99774B932E96A0CC00F0AC58 /* Debug */,
				99774B942E96A0CC00F0AC58 /* Release */,
			);
			defaultConfigurationIsVisible = 0;
			defaultConfigurationName = Release;
		};
		99774B952E96A0CC00F0AC58 /* Build configuration list for PBXNativeTarget "AHAssessment" */ = {
			isa = XCConfigurationList;
			buildConfigurations = (
				99774B962E96A0CC00F0AC58 /* Debug */,
				99774B972E96A0CC00F0AC58 /* Release */,
			);
			defaultConfigurationIsVisible = 0;
			defaultConfigurationName = Release;
		};
		99774B982E96A0CC00F0AC58 /* Build configuration list for PBXNativeTarget "AHAssessmentTests" */ = {
			isa = XCConfigurationList;
			buildConfigurations = (
				99774B992E96A0CC00F0AC58 /* Debug */,
				99774B9A2E96A0CC00F0AC58 /* Release */,
			);
			defaultConfigurationIsVisible = 0;
			defaultConfigurationName = Release;
		};
		99774B9B2E96A0CC00F0AC58 /* Build configuration list for PBXNativeTarget "AHAssessmentUITests" */ = {
			isa = XCConfigurationList;
			buildConfigurations = (
				99774B9C2E96A0CC00F0AC58 /* Debug */,
				99774B9D2E96A0CC00F0AC58 /* Release */,
			);
			defaultConfigurationIsVisible = 0;
			defaultConfigurationName = Release;
		};
/* End XCConfigurationList section */

/* Begin XCRemoteSwiftPackageReference section */
		99774BBF2E96D37900F0AC58 /* XCRemoteSwiftPackageReference "SwiftLintPlugins" */ = {
			isa = XCRemoteSwiftPackageReference;
			repositoryURL = "https://github.com/SimplyDanny/SwiftLintPlugins";
			requirement = {
				kind = upToNextMajorVersion;
				minimumVersion = 0.61.0;
			};
		};
/* End XCRemoteSwiftPackageReference section */

/* Begin XCSwiftPackageProductDependency section */
		99774BC02E96D3DC00F0AC58 /* SwiftLintBuildToolPlugin */ = {
			isa = XCSwiftPackageProductDependency;
			package = 99774BBF2E96D37900F0AC58 /* XCRemoteSwiftPackageReference "SwiftLintPlugins" */;
			productName = "plugin:SwiftLintBuildToolPlugin";
		};
/* End XCSwiftPackageProductDependency section */
	};
	rootObject = 99774B6C2E96A0CA00F0AC58 /* Project object */;
}
